{
  "name": "third-party-example",
  "version": "1.0.0",
  "lockfileVersion": 1,
  "requires": true,
  "dependencies": {
    "belter": {
      "version": "1.0.141",
      "resolved": "https://registry.npmjs.org/belter/-/belter-1.0.141.tgz",
      "integrity": "sha512-0e73IkF81SkqlInqbJVn+7/juak6wk/hVul9VURcAMqKSLl8+EFk749+9nWPDoVMV9py/Xd/V0B42SRJp1SEYw==",
      "requires": {
        "cross-domain-safe-weakmap": "^1.0.20",
        "cross-domain-utils": "^2.0.10",
        "zalgo-promise": "^1.0.28"
      }
    },
    "cross-domain-safe-weakmap": {
      "version": "1.0.28",
      "resolved": "https://registry.npmjs.org/cross-domain-safe-weakmap/-/cross-domain-safe-weakmap-1.0.28.tgz",
      "integrity": "sha512-gfQiQYSdWr9cYFVpmzp+b6MyTnefefDHr+fvm+JVv20hQxetV5J6chZOAusrpM/kFpTTbVDnHCziBFaREvgc0Q==",
      "requires": {
        "cross-domain-utils": "^2.0.0"
      }
    },
    "cross-domain-utils": {
      "version": "2.0.34",
      "resolved": "https://registry.npmjs.org/cross-domain-utils/-/cross-domain-utils-2.0.34.tgz",
      "integrity": "sha512-ke4PirGRXwEElEmE/7k5aCvCW+EqbgseT7AOObzFfaVnOLuEVN9SjVWoOfS/qAT0rDPn3ggmNDW6mguMBy4HgA==",
      "requires": {
        "zalgo-promise": "^1.0.11"
      }
    },
    "post-robot": {
      "version": "10.0.41",
      "resolved": "https://registry.npmjs.org/post-robot/-/post-robot-10.0.41.tgz",
      "integrity": "sha512-sme/zIOc7/1r0m6tD8MP3hR1VbdCvRFCyy8R6SUjCX+GJutzo0qy0eFRbQFetIuA1217dcYD6rFsi3UOxj9Fjg==",
      "requires": {
        "belter": "^1.0.41",
        "cross-domain-safe-weakmap": "^1.0.1",
        "cross-domain-utils": "^2.0.0",
        "universal-serialize": "^1.0.4",
        "zalgo-promise": "^1.0.3"
      }
    },
    "prettier": {
      "version": "2.1.1",
      "resolved": "https://registry.npmjs.org/prettier/-/prettier-2.1.1.tgz",
      "integrity": "sha512-9bY+5ZWCfqj3ghYBLxApy2zf6m+NJo5GzmLTpr9FsApsfjriNnS2dahWReHMi7qNPhhHl9SYHJs2cHZLgexNIw==",
      "dev": true
    },
    "universal-serialize": {
      "version": "1.0.8",
      "resolved": "https://registry.npmjs.org/universal-serialize/-/universal-serialize-1.0.8.tgz",
      "integrity": "sha512-AhC3D26asmMkxAadYjCUJh98AUV/Fpp9uStVz4OuigpaGqIwY+i95EWE392P+4ObOPFHw8TUk/GazyiSGDtxhA=="
    },
    "zalgo-promise": {
      "version": "1.0.46",
      "resolved": "https://registry.npmjs.org/zalgo-promise/-/zalgo-promise-1.0.46.tgz",
      "integrity": "sha512-tzPpQRqaQQavxl17TY98nznvmr+judUg3My7ugsUcRDbdqisYOE2z79HNNDgXnyX3eA0mf2bMOJrqHptt00npg=="
    },
    "zoid": {
      "version": "9.0.57",
      "resolved": "https://registry.npmjs.org/zoid/-/zoid-9.0.57.tgz",
      "integrity": "sha512-r3evTghhW/sGjnWJ//PjxY3Ghak8F6j4OfAY+lUyZpNuxeHhp7UWfjCjsyf8Zts2QJZpb9KYgS5BVE/VF8xjSQ==",
      "requires": {
        "belter": "^1.0.123",
        "cross-domain-utils": "^2.0.33",
        "post-robot": "^10",
        "zalgo-promise": "^1.0.45"
      }
    }
  }
}
